PODS:
  - Capacitor (7.4.0):
    - CapacitorCordova
  - CapacitorCordova (7.4.0)
  - CapacitorShare (7.0.1):
    - Capacitor

DEPENDENCIES:
  - "Capacitor (from `../../node_modules/@capacitor/ios`)"
  - "CapacitorCordova (from `../../node_modules/@capacitor/ios`)"
  - "CapacitorShare (from `../../node_modules/@capacitor/share`)"

EXTERNAL SOURCES:
  Capacitor:
    :path: "../../node_modules/@capacitor/ios"
  CapacitorCordova:
    :path: "../../node_modules/@capacitor/ios"
  CapacitorShare:
    :path: "../../node_modules/@capacitor/share"

SPEC CHECKSUMS:
  Capacitor: 10feab36396883c55373328124a677f118cd4b5f
  CapacitorCordova: 723e017d8a80ab2ede9959fbe37556c35ac860d5
  CapacitorShare: e573823f511f260f598d0423c33b1e3d7bbe5fd1

PODFILE CHECKSUM: 82a7be2fe1731bfb245f3d40657cb462eec1bac6

COCOAPODS: 1.16.2
